// !$*UTF8*$!
{
	archiveVersion = 1;
	classes = {
	};
	objectVersion = 50;
	objects = {

/* Begin PBXBuildFile section */
		C949DDBF258652DD00F19E86 /* BetterBudgetApp.swift in Sources */ = {isa = PBXBuildFile; fileRef = C949DDAC258652DC00F19E86 /* BetterBudgetApp.swift */; };
		C949DDC0258652DD00F19E86 /* BetterBudgetApp.swift in Sources */ = {isa = PBXBuildFile; fileRef = C949DDAC258652DC00F19E86 /* BetterBudgetApp.swift */; };
		C949DDC1258652DD00F19E86 /* ContentView.swift in Sources */ = {isa = PBXBuildFile; fileRef = C949DDAD258652DC00F19E86 /* ContentView.swift */; };
		C949DDC2258652DD00F19E86 /* ContentView.swift in Sources */ = {isa = PBXBuildFile; fileRef = C949DDAD258652DC00F19E86 /* ContentView.swift */; };
		C949DDC3258652DD00F19E86 /* Assets.xcassets in Resources */ = {isa = PBXBuildFile; fileRef = C949DDAE258652DD00F19E86 /* Assets.xcassets */; };
		C949DDC4258652DD00F19E86 /* Assets.xcassets in Resources */ = {isa = PBXBuildFile; fileRef = C949DDAE258652DD00F19E86 /* Assets.xcassets */; };
/* End PBXBuildFile section */

/* Begin PBXFileReference section */
		C949DDAC258652DC00F19E86 /* BetterBudgetApp.swift */ = {isa = PBXFileReference; lastKnownFileType = sourcecode.swift; path = BetterBudgetApp.swift; sourceTree = "<group>"; };
		C949DDAD258652DC00F19E86 /* ContentView.swift */ = {isa = PBXFileReference; lastKnownFileType = sourcecode.swift; path = ContentView.swift; sourceTree = "<group>"; };
		C949DDAE258652DD00F19E86 /* Assets.xcassets */ = {isa = PBXFileReference; lastKnownFileType = folder.assetcatalog; path = Assets.xcassets; sourceTree = "<group>"; };
		C949DDB3258652DD00F19E86 /* BetterBudget.app */ = {isa = PBXFileReference; explicitFileType = wrapper.application; includeInIndex = 0; path = BetterBudget.app; sourceTree = BUILT_PRODUCTS_DIR; };
		C949DDB6258652DD00F19E86 /* Info.plist */ = {isa = PBXFileReference; lastKnownFileType = text.plist.xml; path = Info.plist; sourceTree = "<group>"; };
		C949DDBB258652DD00F19E86 /* BetterBudget.app */ = {isa = PBXFileReference; explicitFileType = wrapper.application; includeInIndex = 0; path = BetterBudget.app; sourceTree = BUILT_PRODUCTS_DIR; };
		C949DDBD258652DD00F19E86 /* Info.plist */ = {isa = PBXFileReference; lastKnownFileType = text.plist.xml; path = Info.plist; sourceTree = "<group>"; };
		C949DDBE258652DD00F19E86 /* macOS.entitlements */ = {isa = PBXFileReference; lastKnownFileType = text.plist.entitlements; path = macOS.entitlements; sourceTree = "<group>"; };
/* End PBXFileReference section */

/* Begin PBXFrameworksBuildPhase section */
		C949DDB0258652DD00F19E86 /* Frameworks */ = {
			isa = PBXFrameworksBuildPhase;
			buildActionMask = 2147483647;
			files = (
			);
			runOnlyForDeploymentPostprocessing = 0;
		};
		C949DDB8258652DD00F19E86 /* Frameworks */ = {
			isa = PBXFrameworksBuildPhase;
			buildActionMask = 2147483647;
			files = (
			);
			runOnlyForDeploymentPostprocessing = 0;
		};
/* End PBXFrameworksBuildPhase section */

/* Begin PBXGroup section */
		C949DDA6258652DC00F19E86 = {
			isa = PBXGroup;
			children = (
				C949DDAB258652DC00F19E86 /* Shared */,
				C949DDB5258652DD00F19E86 /* iOS */,
				C949DDBC258652DD00F19E86 /* macOS */,
				C949DDB4258652DD00F19E86 /* Products */,
			);
			sourceTree = "<group>";
		};
		C949DDAB258652DC00F19E86 /* Shared */ = {
			isa = PBXGroup;
			children = (
				C949DDAC258652DC00F19E86 /* BetterBudgetApp.swift */,
				C949DDAD258652DC00F19E86 /* ContentView.swift */,
				C949DDAE258652DD00F19E86 /* Assets.xcassets */,
			);
			path = Shared;
			sourceTree = "<group>";
		};
		C949DDB4258652DD00F19E86 /* Products */ = {
			isa = PBXGroup;
			children = (
				C949DDB3258652DD00F19E86 /* BetterBudget.app */,
				C949DDBB258652DD00F19E86 /* BetterBudget.app */,
			);
			name = Products;
			sourceTree = "<group>";
		};
		C949DDB5258652DD00F19E86 /* iOS */ = {
			isa = PBXGroup;
			children = (
				C949DDB6258652DD00F19E86 /* Info.plist */,
			);
			path = iOS;
			sourceTree = "<group>";
		};
		C949DDBC258652DD00F19E86 /* macOS */ = {
			isa = PBXGroup;
			children = (
				C949DDBD258652DD00F19E86 /* Info.plist */,
				C949DDBE258652DD00F19E86 /* macOS.entitlements */,
			);
			path = macOS;
			sourceTree = "<group>";
		};
/* End PBXGroup section */

/* Begin PBXNativeTarget section */
		C949DDB2258652DD00F19E86 /* BetterBudget (iOS) */ = {
			isa = PBXNativeTarget;
			buildConfigurationList = C949DDC7258652DD00F19E86 /* Build configuration list for PBXNativeTarget "BetterBudget (iOS)" */;
			buildPhases = (
				C949DDAF258652DD00F19E86 /* Sources */,
				C949DDB0258652DD00F19E86 /* Frameworks */,
				C949DDB1258652DD00F19E86 /* Resources */,
			);
			buildRules = (
			);
			dependencies = (
			);
			name = "BetterBudget (iOS)";
			productName = "BetterBudget (iOS)";
			productReference = C949DDB3258652DD00F19E86 /* BetterBudget.app */;
			productType = "com.apple.product-type.application";
		};
		C949DDBA258652DD00F19E86 /* BetterBudget (macOS) */ = {
			isa = PBXNativeTarget;
			buildConfigurationList = C949DDCA258652DD00F19E86 /* Build configuration list for PBXNativeTarget "BetterBudget (macOS)" */;
			buildPhases = (
				C949DDB7258652DD00F19E86 /* Sources */,
				C949DDB8258652DD00F19E86 /* Frameworks */,
				C949DDB9258652DD00F19E86 /* Resources */,
			);
			buildRules = (
			);
			dependencies = (
			);
			name = "BetterBudget (macOS)";
			productName = "BetterBudget (macOS)";
			productReference = C949DDBB258652DD00F19E86 /* BetterBudget.app */;
			productType = "com.apple.product-type.application";
		};
/* End PBXNativeTarget section */

/* Begin PBXProject section */
		C949DDA7258652DC00F19E86 /* Project object */ = {
			isa = PBXProject;
			attributes = {
				LastSwiftUpdateCheck = 1220;
				LastUpgradeCheck = 1220;
				TargetAttributes = {
					C949DDB2258652DD00F19E86 = {
						CreatedOnToolsVersion = 12.2;
					};
					C949DDBA258652DD00F19E86 = {
						CreatedOnToolsVersion = 12.2;
					};
				};
			};
			buildConfigurationList = C949DDAA258652DC00F19E86 /* Build configuration list for PBXProject "BetterBudget" */;
			compatibilityVersion = "Xcode 9.3";
			developmentRegion = en;
			hasScannedForEncodings = 0;
			knownRegions = (
				en,
				Base,
			);
			mainGroup = C949DDA6258652DC00F19E86;
			productRefGroup = C949DDB4258652DD00F19E86 /* Products */;
			projectDirPath = "";
			projectRoot = "";
			targets = (
				C949DDB2258652DD00F19E86 /* BetterBudget (iOS) */,
				C949DDBA258652DD00F19E86 /* BetterBudget (macOS) */,
			);
		};
/* End PBXProject section */

/* Begin PBXResourcesBuildPhase section */
		C949DDB1258652DD00F19E86 /* Resources */ = {
			isa = PBXResourcesBuildPhase;
			buildActionMask = 2147483647;
			files = (
				C949DDC3258652DD00F19E86 /* Assets.xcassets in Resources */,
			);
			runOnlyForDeploymentPostprocessing = 0;
		};
		C949DDB9258652DD00F19E86 /* Resources */ = {
			isa = PBXResourcesBuildPhase;
			buildActionMask = 2147483647;
			files = (
				C949DDC4258652DD00F19E86 /* Assets.xcassets in Resources */,
			);
			runOnlyForDeploymentPostprocessing = 0;
		};
/* End PBXResourcesBuildPhase section */

/* Begin PBXSourcesBuildPhase section */
		C949DDAF258652DD00F19E86 /* Sources */ = {
			isa = PBXSourcesBuildPhase;
			buildActionMask = 2147483647;
			files = (
				C949DDC1258652DD00F19E86 /* ContentView.swift in Sources */,
				C949DDBF258652DD00F19E86 /* BetterBudgetApp.swift in Sources */,
			);
			runOnlyForDeploymentPostprocessing = 0;
		};
		C949DDB7258652DD00F19E86 /* Sources */ = {
			isa = PBXSourcesBuildPhase;
			buildActionMask = 2147483647;
			files = (
				C949DDC2258652DD00F19E86 /* ContentView.swift in Sources */,
				C949DDC0258652DD00F19E86 /* BetterBudgetApp.swift in Sources */,
			);
			runOnlyForDeploymentPostprocessing = 0;
		};
/* End PBXSourcesBuildPhase section */

/* Begin XCBuildConfiguration section */
		C949DDC5258652DD00F19E86 /* Debug */ = {
			isa = XCBuildConfiguration;
			buildSettings = {
				ALWAYS_SEARCH_USER_PATHS = NO;
				CLANG_ANALYZER_NONNULL = YES;
				CLANG_ANALYZER_NUMBER_OBJECT_CONVERSION = YES_AGGRESSIVE;
				CLANG_CXX_LANGUAGE_STANDARD = "gnu++14";
				CLANG_CXX_LIBRARY = "libc++";
				CLANG_ENABLE_MODULES = YES;
				CLANG_ENABLE_OBJC_ARC = YES;
				CLANG_ENABLE_OBJC_WEAK = YES;
				CLANG_WARN_BLOCK_CAPTURE_AUTORELEASING = YES;
				CLANG_WARN_BOOL_CONVERSION = YES;
				CLANG_WARN_COMMA = YES;
				CLANG_WARN_CONSTANT_CONVERSION = YES;
				CLANG_WARN_DEPRECATED_OBJC_IMPLEMENTATIONS = YES;
				CLANG_WARN_DIRECT_OBJC_ISA_USAGE = YES_ERROR;
				CLANG_WARN_DOCUMENTATION_COMMENTS = YES;
				CLANG_WARN_EMPTY_BODY = YES;
				CLANG_WARN_ENUM_CONVERSION = YES;
				CLANG_WARN_INFINITE_RECURSION = YES;
				CLANG_WARN_INT_CONVERSION = YES;
				CLANG_WARN_NON_LITERAL_NULL_CONVERSION = YES;
				CLANG_WARN_OBJC_IMPLICIT_RETAIN_SELF = YES;
				CLANG_WARN_OBJC_LITERAL_CONVERSION = YES;
				CLANG_WARN_OBJC_ROOT_CLASS = YES_ERROR;
				CLANG_WARN_QUOTED_INCLUDE_IN_FRAMEWORK_HEADER = YES;
				CLANG_WARN_RANGE_LOOP_ANALYSIS = YES;
				CLANG_WARN_STRICT_PROTOTYPES = YES;
				CLANG_WARN_SUSPICIOUS_MOVE = YES;
				CLANG_WARN_UNGUARDED_AVAILABILITY = YES_AGGRESSIVE;
				CLANG_WARN_UNREACHABLE_CODE = YES;
				CLANG_WARN__DUPLICATE_METHOD_MATCH = YES;
				COPY_PHASE_STRIP = NO;
				DEBUG_INFORMATION_FORMAT = dwarf;
				ENABLE_STRICT_OBJC_MSGSEND = YES;
				ENABLE_TESTABILITY = YES;
				GCC_C_LANGUAGE_STANDARD = gnu11;
				GCC_DYNAMIC_NO_PIC = NO;
				GCC_NO_COMMON_BLOCKS = YES;
				GCC_OPTIMIZATION_LEVEL = 0;
				GCC_PREPROCESSOR_DEFINITIONS = (
					"DEBUG=1",
					"$(inherited)",
				);
				GCC_WARN_64_TO_32_BIT_CONVERSION = YES;
				GCC_WARN_ABOUT_RETURN_TYPE = YES_ERROR;
				GCC_WARN_UNDECLARED_SELECTOR = YES;
				GCC_WARN_UNINITIALIZED_AUTOS = YES_AGGRESSIVE;
				GCC_WARN_UNUSED_FUNCTION = YES;
				GCC_WARN_UNUSED_VARIABLE = YES;
				MTL_ENABLE_DEBUG_INFO = INCLUDE_SOURCE;
				MTL_FAST_MATH = YES;
				ONLY_ACTIVE_ARCH = YES;
				SWIFT_ACTIVE_COMPILATION_CONDITIONS = DEBUG;
				SWIFT_OPTIMIZATION_LEVEL = "-Onone";
			};
			name = Debug;
		};
		C949DDC6258652DD00F19E86 /* Release */ = {
			isa = XCBuildConfiguration;
			buildSettings = {
				ALWAYS_SEARCH_USER_PATHS = NO;
				CLANG_ANALYZER_NONNULL = YES;
				CLANG_ANALYZER_NUMBER_OBJECT_CONVERSION = YES_AGGRESSIVE;
				CLANG_CXX_LANGUAGE_STANDARD = "gnu++14";
				CLANG_CXX_LIBRARY = "libc++";
				CLANG_ENABLE_MODULES = YES;
				CLANG_ENABLE_OBJC_ARC = YES;
				CLANG_ENABLE_OBJC_WEAK = YES;
				CLANG_WARN_BLOCK_CAPTURE_AUTORELEASING = YES;
				CLANG_WARN_BOOL_CONVERSION = YES;
				CLANG_WARN_COMMA = YES;
				CLANG_WARN_CONSTANT_CONVERSION = YES;
				CLANG_WARN_DEPRECATED_OBJC_IMPLEMENTATIONS = YES;
				CLANG_WARN_DIRECT_OBJC_ISA_USAGE = YES_ERROR;
				CLANG_WARN_DOCUMENTATION_COMMENTS = YES;
				CLANG_WARN_EMPTY_BODY = YES;
				CLANG_WARN_ENUM_CONVERSION = YES;
				CLANG_WARN_INFINITE_RECURSION = YES;
				CLANG_WARN_INT_CONVERSION = YES;
				CLANG_WARN_NON_LITERAL_NULL_CONVERSION = YES;
				CLANG_WARN_OBJC_IMPLICIT_RETAIN_SELF = YES;
				CLANG_WARN_OBJC_LITERAL_CONVERSION = YES;
				CLANG_WARN_OBJC_ROOT_CLASS = YES_ERROR;
				CLANG_WARN_QUOTED_INCLUDE_IN_FRAMEWORK_HEADER = YES;
				CLANG_WARN_RANGE_LOOP_ANALYSIS = YES;
				CLANG_WARN_STRICT_PROTOTYPES = YES;
				CLANG_WARN_SUSPICIOUS_MOVE = YES;
				CLANG_WARN_UNGUARDED_AVAILABILITY = YES_AGGRESSIVE;
				CLANG_WARN_UNREACHABLE_CODE = YES;
				CLANG_WARN__DUPLICATE_METHOD_MATCH = YES;
				COPY_PHASE_STRIP = NO;
				DEBUG_INFORMATION_FORMAT = "dwarf-with-dsym";
				ENABLE_NS_ASSERTIONS = NO;
				ENABLE_STRICT_OBJC_MSGSEND = YES;
				GCC_C_LANGUAGE_STANDARD = gnu11;
				GCC_NO_COMMON_BLOCKS = YES;
				GCC_WARN_64_TO_32_BIT_CONVERSION = YES;
				GCC_WARN_ABOUT_RETURN_TYPE = YES_ERROR;
				GCC_WARN_UNDECLARED_SELECTOR = YES;
				GCC_WARN_UNINITIALIZED_AUTOS = YES_AGGRESSIVE;
				GCC_WARN_UNUSED_FUNCTION = YES;
				GCC_WARN_UNUSED_VARIABLE = YES;
				MTL_ENABLE_DEBUG_INFO = NO;
				MTL_FAST_MATH = YES;
				SWIFT_COMPILATION_MODE = wholemodule;
				SWIFT_OPTIMIZATION_LEVEL = "-O";
			};
			name = Release;
		};
		C949DDC8258652DD00F19E86 /* Debug */ = {
			isa = XCBuildConfiguration;
			buildSettings = {
				ASSETCATALOG_COMPILER_APPICON_NAME = AppIcon;
				ASSETCATALOG_COMPILER_GLOBAL_ACCENT_COLOR_NAME = AccentColor;
				CODE_SIGN_STYLE = Automatic;
				DEVELOPMENT_TEAM = WNNFUSK6YT;
				ENABLE_PREVIEWS = YES;
				INFOPLIST_FILE = iOS/Info.plist;
				IPHONEOS_DEPLOYMENT_TARGET = 14.0;
				LD_RUNPATH_SEARCH_PATHS = (
					"$(inherited)",
					"@executable_path/Frameworks",
				);
				PRODUCT_BUNDLE_IDENTIFIER = nanotube.BetterBudget;
				PRODUCT_NAME = BetterBudget;
				SDKROOT = iphoneos;
				SWIFT_VERSION = 5.0;
				TARGETED_DEVICE_FAMILY = "1,2";
			};
			name = Debug;
		};
		C949DDC9258652DD00F19E86 /* Release */ = {
			isa = XCBuildConfiguration;
			buildSettings = {
				ASSETCATALOG_COMPILER_APPICON_NAME = AppIcon;
				ASSETCATALOG_COMPILER_GLOBAL_ACCENT_COLOR_NAME = AccentColor;
				CODE_SIGN_STYLE = Automatic;
				DEVELOPMENT_TEAM = WNNFUSK6YT;
				ENABLE_PREVIEWS = YES;
				INFOPLIST_FILE = iOS/Info.plist;
				IPHONEOS_DEPLOYMENT_TARGET = 14.0;
				LD_RUNPATH_SEARCH_PATHS = (
					"$(inherited)",
					"@executable_path/Frameworks",
				);
				PRODUCT_BUNDLE_IDENTIFIER = nanotube.BetterBudget;
				PRODUCT_NAME = BetterBudget;
				SDKROOT = iphoneos;
				SWIFT_VERSION = 5.0;
				TARGETED_DEVICE_FAMILY = "1,2";
				VALIDATE_PRODUCT = YES;
			};
			name = Release;
		};
		C949DDCB258652DD00F19E86 /* Debug */ = {
			isa = XCBuildConfiguration;
			buildSettings = {
				ASSETCATALOG_COMPILER_APPICON_NAME = AppIcon;
				ASSETCATALOG_COMPILER_GLOBAL_ACCENT_COLOR_NAME = AccentColor;
				CODE_SIGN_ENTITLEMENTS = macOS/macOS.entitlements;
				CODE_SIGN_STYLE = Automatic;
				COMBINE_HIDPI_IMAGES = YES;
				DEVELOPMENT_TEAM = WNNFUSK6YT;
				ENABLE_HARDENED_RUNTIME = YES;
				ENABLE_PREVIEWS = YES;
				INFOPLIST_FILE = macOS/Info.plist;
				LD_RUNPATH_SEARCH_PATHS = (
					"$(inherited)",
					"@executable_path/../Frameworks",
				);
				MACOSX_DEPLOYMENT_TARGET = 11.0;
				PRODUCT_BUNDLE_IDENTIFIER = nanotube.BetterBudget;
				PRODUCT_NAME = BetterBudget;
				SDKROOT = macosx;
				SWIFT_VERSION = 5.0;
			};
			name = Debug;
		};
		C949DDCC258652DD00F19E86 /* Release */ = {
			isa = XCBuildConfiguration;
			buildSettings = {
				ASSETCATALOG_COMPILER_APPICON_NAME = AppIcon;
				ASSETCATALOG_COMPILER_GLOBAL_ACCENT_COLOR_NAME = AccentColor;
				CODE_SIGN_ENTITLEMENTS = macOS/macOS.entitlements;
				CODE_SIGN_STYLE = Automatic;
				COMBINE_HIDPI_IMAGES = YES;
				DEVELOPMENT_TEAM = WNNFUSK6YT;
				ENABLE_HARDENED_RUNTIME = YES;
				ENABLE_PREVIEWS = YES;
				INFOPLIST_FILE = macOS/Info.plist;
				LD_RUNPATH_SEARCH_PATHS = (
					"$(inherited)",
					"@executable_path/../Frameworks",
				);
				MACOSX_DEPLOYMENT_TARGET = 11.0;
				PRODUCT_BUNDLE_IDENTIFIER = nanotube.BetterBudget;
				PRODUCT_NAME = BetterBudget;
				SDKROOT = macosx;
				SWIFT_VERSION = 5.0;
			};
			name = Release;
		};
/* End XCBuildConfiguration section */

/* Begin XCConfigurationList section */
		C949DDAA258652DC00F19E86 /* Build configuration list for PBXProject "BetterBudget" */ = {
			isa = XCConfigurationList;
			buildConfigurations = (
				C949DDC5258652DD00F19E86 /* Debug */,
				C949DDC6258652DD00F19E86 /* Release */,
			);
			defaultConfigurationIsVisible = 0;
			defaultConfigurationName = Release;
		};
		C949DDC7258652DD00F19E86 /* Build configuration list for PBXNativeTarget "BetterBudget (iOS)" */ = {
			isa = XCConfigurationList;
			buildConfigurations = (
				C949DDC8258652DD00F19E86 /* Debug */,
				C949DDC9258652DD00F19E86 /* Release */,
			);
			defaultConfigurationIsVisible = 0;
			defaultConfigurationName = Release;
		};
		C949DDCA258652DD00F19E86 /* Build configuration list for PBXNativeTarget "BetterBudget (macOS)" */ = {
			isa = XCConfigurationList;
			buildConfigurations = (
				C949DDCB258652DD00F19E86 /* Debug */,
				C949DDCC258652DD00F19E86 /* Release */,
			);
			defaultConfigurationIsVisible = 0;
			defaultConfigurationName = Release;
		};
/* End XCConfigurationList section */
	};
	rootObject = C949DDA7258652DC00F19E86 /* Project object */;
}
